
Microsoft Visual Studio Solution File, Format Version 12.00
# Visual Studio 14
VisualStudioVersion = 14.0.25123.0
MinimumVisualStudioVersion = 10.0.40219.1
Project("{FAE04EC0-301F-11D3-BF4B-00C04F79EFBC}") = "App1.Droid", "App1\App1.Droid\App1.Droid.csproj", "{A39AFC57-C1E4-4201-A004-AC81D441864A}"
EndProject
Project("{FAE04EC0-301F-11D3-BF4B-00C04F79EFBC}") = "App1.iOS", "App1\App1.iOS\App1.iOS.csproj", "{ACA8CFCB-5D9C-4B9E-BAA7-C86842419831}"
EndProject
Project("{FAE04EC0-301F-11D3-BF4B-00C04F79EFBC}") = "App1.WinPhone", "App1\App1.WinPhone\App1.WinPhone.csproj", "{7703F6CB-4802-4966-B5A7-C6EA160EF073}"
EndProject
Project("{FAE04EC0-301F-11D3-BF4B-00C04F79EFBC}") = "App1.UWP", "App1\App1.UWP\App1.UWP.csproj", "{4C7B2161-97D4-4B17-891E-5FE5E93FFABA}"
EndProject
Project("{FAE04EC0-301F-11D3-BF4B-00C04F79EFBC}") = "App1.Windows", "App1\App1.Windows\App1.Windows.csproj", "{C793F934-BF4F-4722-A6DC-66DC090F12D2}"
EndProject
Project("{FAE04EC0-301F-11D3-BF4B-00C04F79EFBC}") = "App1", "App1\App1\App1.csproj", "{BF40210A-A186-4320-84C1-FA3243835042}"
EndProject
Global
	GlobalSection(SolutionConfigurationPlatforms) = preSolution
		Ad-Hoc|Any CPU = Ad-Hoc|Any CPU
		Ad-Hoc|ARM = Ad-Hoc|ARM
		Ad-Hoc|iPhone = Ad-Hoc|iPhone
		Ad-Hoc|iPhoneSimulator = Ad-Hoc|iPhoneSimulator
		Ad-Hoc|x64 = Ad-Hoc|x64
		Ad-Hoc|x86 = Ad-Hoc|x86
		AppStore|Any CPU = AppStore|Any CPU
		AppStore|ARM = AppStore|ARM
		AppStore|iPhone = AppStore|iPhone
		AppStore|iPhoneSimulator = AppStore|iPhoneSimulator
		AppStore|x64 = AppStore|x64
		AppStore|x86 = AppStore|x86
		Debug|Any CPU = Debug|Any CPU
		Debug|ARM = Debug|ARM
		Debug|iPhone = Debug|iPhone
		Debug|iPhoneSimulator = Debug|iPhoneSimulator
		Debug|x64 = Debug|x64
		Debug|x86 = Debug|x86
		Release|Any CPU = Release|Any CPU
		Release|ARM = Release|ARM
		Release|iPhone = Release|iPhone
		Release|iPhoneSimulator = Release|iPhoneSimulator
		Release|x64 = Release|x64
		Release|x86 = Release|x86
	EndGlobalSection
	GlobalSection(ProjectConfigurationPlatforms) = postSolution
		{A39AFC57-C1E4-4201-A004-AC81D441864A}.Ad-Hoc|Any CPU.ActiveCfg = Release|Any CPU
		{A39AFC57-C1E4-4201-A004-AC81D441864A}.Ad-Hoc|Any CPU.Build.0 = Release|Any CPU
		{A39AFC57-C1E4-4201-A004-AC81D441864A}.Ad-Hoc|Any CPU.Deploy.0 = Release|Any CPU
		{A39AFC57-C1E4-4201-A004-AC81D441864A}.Ad-Hoc|ARM.ActiveCfg = Release|Any CPU
		{A39AFC57-C1E4-4201-A004-AC81D441864A}.Ad-Hoc|ARM.Build.0 = Release|Any CPU
		{A39AFC57-C1E4-4201-A004-AC81D441864A}.Ad-Hoc|ARM.Deploy.0 = Release|Any CPU
		{A39AFC57-C1E4-4201-A004-AC81D441864A}.Ad-Hoc|iPhone.ActiveCfg = Release|Any CPU
		{A39AFC57-C1E4-4201-A004-AC81D441864A}.Ad-Hoc|iPhone.Build.0 = Release|Any CPU
		{A39AFC57-C1E4-4201-A004-AC81D441864A}.Ad-Hoc|iPhone.Deploy.0 = Release|Any CPU
		{A39AFC57-C1E4-4201-A004-AC81D441864A}.Ad-Hoc|iPhoneSimulator.ActiveCfg = Release|Any CPU
		{A39AFC57-C1E4-4201-A004-AC81D441864A}.Ad-Hoc|iPhoneSimulator.Build.0 = Release|Any CPU
		{A39AFC57-C1E4-4201-A004-AC81D441864A}.Ad-Hoc|iPhoneSimulator.Deploy.0 = Release|Any CPU
		{A39AFC57-C1E4-4201-A004-AC81D441864A}.Ad-Hoc|x64.ActiveCfg = Release|Any CPU
		{A39AFC57-C1E4-4201-A004-AC81D441864A}.Ad-Hoc|x64.Build.0 = Release|Any CPU
		{A39AFC57-C1E4-4201-A004-AC81D441864A}.Ad-Hoc|x64.Deploy.0 = Release|Any CPU
		{A39AFC57-C1E4-4201-A004-AC81D441864A}.Ad-Hoc|x86.ActiveCfg = Release|Any CPU
		{A39AFC57-C1E4-4201-A004-AC81D441864A}.Ad-Hoc|x86.Build.0 = Release|Any CPU
		{A39AFC57-C1E4-4201-A004-AC81D441864A}.Ad-Hoc|x86.Deploy.0 = Release|Any CPU
		{A39AFC57-C1E4-4201-A004-AC81D441864A}.AppStore|Any CPU.ActiveCfg = Release|Any CPU
		{A39AFC57-C1E4-4201-A004-AC81D441864A}.AppStore|Any CPU.Build.0 = Release|Any CPU
		{A39AFC57-C1E4-4201-A004-AC81D441864A}.AppStore|Any CPU.Deploy.0 = Release|Any CPU
		{A39AFC57-C1E4-4201-A004-AC81D441864A}.AppStore|ARM.ActiveCfg = Release|Any CPU
		{A39AFC57-C1E4-4201-A004-AC81D441864A}.AppStore|ARM.Build.0 = Release|Any CPU
		{A39AFC57-C1E4-4201-A004-AC81D441864A}.AppStore|ARM.Deploy.0 = Release|Any CPU
		{A39AFC57-C1E4-4201-A004-AC81D441864A}.AppStore|iPhone.ActiveCfg = Release|Any CPU
		{A39AFC57-C1E4-4201-A004-AC81D441864A}.AppStore|iPhone.Build.0 = Release|Any CPU
		{A39AFC57-C1E4-4201-A004-AC81D441864A}.AppStore|iPhone.Deploy.0 = Release|Any CPU
		{A39AFC57-C1E4-4201-A004-AC81D441864A}.AppStore|iPhoneSimulator.ActiveCfg = Release|Any CPU
		{A39AFC57-C1E4-4201-A004-AC81D441864A}.AppStore|iPhoneSimulator.Build.0 = Release|Any CPU
		{A39AFC57-C1E4-4201-A004-AC81D441864A}.AppStore|iPhoneSimulator.Deploy.0 = Release|Any CPU
		{A39AFC57-C1E4-4201-A004-AC81D441864A}.AppStore|x64.ActiveCfg = Release|Any CPU
		{A39AFC57-C1E4-4201-A004-AC81D441864A}.AppStore|x64.Build.0 = Release|Any CPU
		{A39AFC57-C1E4-4201-A004-AC81D441864A}.AppStore|x64.Deploy.0 = Release|Any CPU
		{A39AFC57-C1E4-4201-A004-AC81D441864A}.AppStore|x86.ActiveCfg = Release|Any CPU
		{A39AFC57-C1E4-4201-A004-AC81D441864A}.AppStore|x86.Build.0 = Release|Any CPU
		{A39AFC57-C1E4-4201-A004-AC81D441864A}.AppStore|x86.Deploy.0 = Release|Any CPU
		{A39AFC57-C1E4-4201-A004-AC81D441864A}.Debug|Any CPU.ActiveCfg = Debug|Any CPU
		{A39AFC57-C1E4-4201-A004-AC81D441864A}.Debug|Any CPU.Build.0 = Debug|Any CPU
		{A39AFC57-C1E4-4201-A004-AC81D441864A}.Debug|Any CPU.Deploy.0 = Debug|Any CPU
		{A39AFC57-C1E4-4201-A004-AC81D441864A}.Debug|ARM.ActiveCfg = Debug|Any CPU
		{A39AFC57-C1E4-4201-A004-AC81D441864A}.Debug|ARM.Build.0 = Debug|Any CPU
		{A39AFC57-C1E4-4201-A004-AC81D441864A}.Debug|ARM.Deploy.0 = Debug|Any CPU
		{A39AFC57-C1E4-4201-A004-AC81D441864A}.Debug|iPhone.ActiveCfg = Debug|Any CPU
		{A39AFC57-C1E4-4201-A004-AC81D441864A}.Debug|iPhone.Build.0 = Debug|Any CPU
		{A39AFC57-C1E4-4201-A004-AC81D441864A}.Debug|iPhone.Deploy.0 = Debug|Any CPU
		{A39AFC57-C1E4-4201-A004-AC81D441864A}.Debug|iPhoneSimulator.ActiveCfg = Debug|Any CPU
		{A39AFC57-C1E4-4201-A004-AC81D441864A}.Debug|iPhoneSimulator.Build.0 = Debug|Any CPU
		{A39AFC57-C1E4-4201-A004-AC81D441864A}.Debug|iPhoneSimulator.Deploy.0 = Debug|Any CPU
		{A39AFC57-C1E4-4201-A004-AC81D441864A}.Debug|x64.ActiveCfg = Debug|Any CPU
		{A39AFC57-C1E4-4201-A004-AC81D441864A}.Debug|x64.Build.0 = Debug|Any CPU
		{A39AFC57-C1E4-4201-A004-AC81D441864A}.Debug|x64.Deploy.0 = Debug|Any CPU
		{A39AFC57-C1E4-4201-A004-AC81D441864A}.Debug|x86.ActiveCfg = Debug|Any CPU
		{A39AFC57-C1E4-4201-A004-AC81D441864A}.Debug|x86.Build.0 = Debug|Any CPU
		{A39AFC57-C1E4-4201-A004-AC81D441864A}.Debug|x86.Deploy.0 = Debug|Any CPU
		{A39AFC57-C1E4-4201-A004-AC81D441864A}.Release|Any CPU.ActiveCfg = Release|Any CPU
		{A39AFC57-C1E4-4201-A004-AC81D441864A}.Release|Any CPU.Build.0 = Release|Any CPU
		{A39AFC57-C1E4-4201-A004-AC81D441864A}.Release|Any CPU.Deploy.0 = Release|Any CPU
		{A39AFC57-C1E4-4201-A004-AC81D441864A}.Release|ARM.ActiveCfg = Release|Any CPU
		{A39AFC57-C1E4-4201-A004-AC81D441864A}.Release|ARM.Build.0 = Release|Any CPU
		{A39AFC57-C1E4-4201-A004-AC81D441864A}.Release|ARM.Deploy.0 = Release|Any CPU
		{A39AFC57-C1E4-4201-A004-AC81D441864A}.Release|iPhone.ActiveCfg = Release|Any CPU
		{A39AFC57-C1E4-4201-A004-AC81D441864A}.Release|iPhone.Build.0 = Release|Any CPU
		{A39AFC57-C1E4-4201-A004-AC81D441864A}.Release|iPhone.Deploy.0 = Release|Any CPU
		{A39AFC57-C1E4-4201-A004-AC81D441864A}.Release|iPhoneSimulator.ActiveCfg = Release|Any CPU
		{A39AFC57-C1E4-4201-A004-AC81D441864A}.Release|iPhoneSimulator.Build.0 = Release|Any CPU
		{A39AFC57-C1E4-4201-A004-AC81D441864A}.Release|iPhoneSimulator.Deploy.0 = Release|Any CPU
		{A39AFC57-C1E4-4201-A004-AC81D441864A}.Release|x64.ActiveCfg = Release|Any CPU
		{A39AFC57-C1E4-4201-A004-AC81D441864A}.Release|x64.Build.0 = Release|Any CPU
		{A39AFC57-C1E4-4201-A004-AC81D441864A}.Release|x64.Deploy.0 = Release|Any CPU
		{A39AFC57-C1E4-4201-A004-AC81D441864A}.Release|x86.ActiveCfg = Release|Any CPU
		{A39AFC57-C1E4-4201-A004-AC81D441864A}.Release|x86.Build.0 = Release|Any CPU
		{A39AFC57-C1E4-4201-A004-AC81D441864A}.Release|x86.Deploy.0 = Release|Any CPU
		{ACA8CFCB-5D9C-4B9E-BAA7-C86842419831}.Ad-Hoc|Any CPU.ActiveCfg = Ad-Hoc|iPhone
		{ACA8CFCB-5D9C-4B9E-BAA7-C86842419831}.Ad-Hoc|ARM.ActiveCfg = Ad-Hoc|iPhone
		{ACA8CFCB-5D9C-4B9E-BAA7-C86842419831}.Ad-Hoc|iPhone.ActiveCfg = Ad-Hoc|iPhone
		{ACA8CFCB-5D9C-4B9E-BAA7-C86842419831}.Ad-Hoc|iPhone.Build.0 = Ad-Hoc|iPhone
		{ACA8CFCB-5D9C-4B9E-BAA7-C86842419831}.Ad-Hoc|iPhoneSimulator.ActiveCfg = Ad-Hoc|iPhoneSimulator
		{ACA8CFCB-5D9C-4B9E-BAA7-C86842419831}.Ad-Hoc|iPhoneSimulator.Build.0 = Ad-Hoc|iPhoneSimulator
		{ACA8CFCB-5D9C-4B9E-BAA7-C86842419831}.Ad-Hoc|x64.ActiveCfg = Ad-Hoc|iPhone
		{ACA8CFCB-5D9C-4B9E-BAA7-C86842419831}.Ad-Hoc|x86.ActiveCfg = Ad-Hoc|iPhone
		{ACA8CFCB-5D9C-4B9E-BAA7-C86842419831}.AppStore|Any CPU.ActiveCfg = AppStore|iPhone
		{ACA8CFCB-5D9C-4B9E-BAA7-C86842419831}.AppStore|ARM.ActiveCfg = AppStore|iPhone
		{ACA8CFCB-5D9C-4B9E-BAA7-C86842419831}.AppStore|iPhone.ActiveCfg = AppStore|iPhone
		{ACA8CFCB-5D9C-4B9E-BAA7-C86842419831}.AppStore|iPhone.Build.0 = AppStore|iPhone
		{ACA8CFCB-5D9C-4B9E-BAA7-C86842419831}.AppStore|iPhoneSimulator.ActiveCfg = AppStore|iPhoneSimulator
		{ACA8CFCB-5D9C-4B9E-BAA7-C86842419831}.AppStore|iPhoneSimulator.Build.0 = AppStore|iPhoneSimulator
		{ACA8CFCB-5D9C-4B9E-BAA7-C86842419831}.AppStore|x64.ActiveCfg = AppStore|iPhone
		{ACA8CFCB-5D9C-4B9E-BAA7-C86842419831}.AppStore|x86.ActiveCfg = AppStore|iPhone
		{ACA8CFCB-5D9C-4B9E-BAA7-C86842419831}.Debug|Any CPU.ActiveCfg = Debug|iPhone
		{ACA8CFCB-5D9C-4B9E-BAA7-C86842419831}.Debug|ARM.ActiveCfg = Debug|iPhone
		{ACA8CFCB-5D9C-4B9E-BAA7-C86842419831}.Debug|iPhone.ActiveCfg = Debug|iPhone
		{ACA8CFCB-5D9C-4B9E-BAA7-C86842419831}.Debug|iPhone.Build.0 = Debug|iPhone
		{ACA8CFCB-5D9C-4B9E-BAA7-C86842419831}.Debug|iPhoneSimulator.ActiveCfg = Debug|iPhoneSimulator
		{ACA8CFCB-5D9C-4B9E-BAA7-C86842419831}.Debug|iPhoneSimulator.Build.0 = Debug|iPhoneSimulator
		{ACA8CFCB-5D9C-4B9E-BAA7-C86842419831}.Debug|x64.ActiveCfg = Debug|iPhone
		{ACA8CFCB-5D9C-4B9E-BAA7-C86842419831}.Debug|x86.ActiveCfg = Debug|iPhone
		{ACA8CFCB-5D9C-4B9E-BAA7-C86842419831}.Release|Any CPU.ActiveCfg = Release|iPhone
		{ACA8CFCB-5D9C-4B9E-BAA7-C86842419831}.Release|ARM.ActiveCfg = Release|iPhone
		{ACA8CFCB-5D9C-4B9E-BAA7-C86842419831}.Release|iPhone.ActiveCfg = Release|iPhone
		{ACA8CFCB-5D9C-4B9E-BAA7-C86842419831}.Release|iPhone.Build.0 = Release|iPhone
		{ACA8CFCB-5D9C-4B9E-BAA7-C86842419831}.Release|iPhoneSimulator.ActiveCfg = Release|iPhoneSimulator
		{ACA8CFCB-5D9C-4B9E-BAA7-C86842419831}.Release|iPhoneSimulator.Build.0 = Release|iPhoneSimulator
		{ACA8CFCB-5D9C-4B9E-BAA7-C86842419831}.Release|x64.ActiveCfg = Release|iPhone
		{ACA8CFCB-5D9C-4B9E-BAA7-C86842419831}.Release|x86.ActiveCfg = Release|iPhone
		{7703F6CB-4802-4966-B5A7-C6EA160EF073}.Ad-Hoc|Any CPU.ActiveCfg = Release|Any CPU
		{7703F6CB-4802-4966-B5A7-C6EA160EF073}.Ad-Hoc|Any CPU.Build.0 = Release|Any CPU
		{7703F6CB-4802-4966-B5A7-C6EA160EF073}.Ad-Hoc|Any CPU.Deploy.0 = Release|Any CPU
		{7703F6CB-4802-4966-B5A7-C6EA160EF073}.Ad-Hoc|ARM.ActiveCfg = Release|ARM
		{7703F6CB-4802-4966-B5A7-C6EA160EF073}.Ad-Hoc|ARM.Build.0 = Release|ARM
		{7703F6CB-4802-4966-B5A7-C6EA160EF073}.Ad-Hoc|ARM.Deploy.0 = Release|ARM
		{7703F6CB-4802-4966-B5A7-C6EA160EF073}.Ad-Hoc|iPhone.ActiveCfg = Release|Any CPU
		{7703F6CB-4802-4966-B5A7-C6EA160EF073}.Ad-Hoc|iPhone.Build.0 = Release|Any CPU
		{7703F6CB-4802-4966-B5A7-C6EA160EF073}.Ad-Hoc|iPhone.Deploy.0 = Release|Any CPU
		{7703F6CB-4802-4966-B5A7-C6EA160EF073}.Ad-Hoc|iPhoneSimulator.ActiveCfg = Release|Any CPU
		{7703F6CB-4802-4966-B5A7-C6EA160EF073}.Ad-Hoc|iPhoneSimulator.Build.0 = Release|Any CPU
		{7703F6CB-4802-4966-B5A7-C6EA160EF073}.Ad-Hoc|iPhoneSimulator.Deploy.0 = Release|Any CPU
		{7703F6CB-4802-4966-B5A7-C6EA160EF073}.Ad-Hoc|x64.ActiveCfg = Release|Any CPU
		{7703F6CB-4802-4966-B5A7-C6EA160EF073}.Ad-Hoc|x64.Build.0 = Release|Any CPU
		{7703F6CB-4802-4966-B5A7-C6EA160EF073}.Ad-Hoc|x64.Deploy.0 = Release|Any CPU
		{7703F6CB-4802-4966-B5A7-C6EA160EF073}.Ad-Hoc|x86.ActiveCfg = Release|x86
		{7703F6CB-4802-4966-B5A7-C6EA160EF073}.Ad-Hoc|x86.Build.0 = Release|x86
		{7703F6CB-4802-4966-B5A7-C6EA160EF073}.Ad-Hoc|x86.Deploy.0 = Release|x86
		{7703F6CB-4802-4966-B5A7-C6EA160EF073}.AppStore|Any CPU.ActiveCfg = Release|Any CPU
		{7703F6CB-4802-4966-B5A7-C6EA160EF073}.AppStore|Any CPU.Build.0 = Release|Any CPU
		{7703F6CB-4802-4966-B5A7-C6EA160EF073}.AppStore|Any CPU.Deploy.0 = Release|Any CPU
		{7703F6CB-4802-4966-B5A7-C6EA160EF073}.AppStore|ARM.ActiveCfg = Release|ARM
		{7703F6CB-4802-4966-B5A7-C6EA160EF073}.AppStore|ARM.Build.0 = Release|ARM
		{7703F6CB-4802-4966-B5A7-C6EA160EF073}.AppStore|ARM.Deploy.0 = Release|ARM
		{7703F6CB-4802-4966-B5A7-C6EA160EF073}.AppStore|iPhone.ActiveCfg = Release|Any CPU
		{7703F6CB-4802-4966-B5A7-C6EA160EF073}.AppStore|iPhone.Build.0 = Release|Any CPU
		{7703F6CB-4802-4966-B5A7-C6EA160EF073}.AppStore|iPhone.Deploy.0 = Release|Any CPU
		{7703F6CB-4802-4966-B5A7-C6EA160EF073}.AppStore|iPhoneSimulator.ActiveCfg = Release|Any CPU
		{7703F6CB-4802-4966-B5A7-C6EA160EF073}.AppStore|iPhoneSimulator.Build.0 = Release|Any CPU
		{7703F6CB-4802-4966-B5A7-C6EA160EF073}.AppStore|iPhoneSimulator.Deploy.0 = Release|Any CPU
		{7703F6CB-4802-4966-B5A7-C6EA160EF073}.AppStore|x64.ActiveCfg = Release|Any CPU
		{7703F6CB-4802-4966-B5A7-C6EA160EF073}.AppStore|x64.Build.0 = Release|Any CPU
		{7703F6CB-4802-4966-B5A7-C6EA160EF073}.AppStore|x64.Deploy.0 = Release|Any CPU
		{7703F6CB-4802-4966-B5A7-C6EA160EF073}.AppStore|x86.ActiveCfg = Release|x86
		{7703F6CB-4802-4966-B5A7-C6EA160EF073}.AppStore|x86.Build.0 = Release|x86
		{7703F6CB-4802-4966-B5A7-C6EA160EF073}.AppStore|x86.Deploy.0 = Release|x86
		{7703F6CB-4802-4966-B5A7-C6EA160EF073}.Debug|Any CPU.ActiveCfg = Debug|Any CPU
		{7703F6CB-4802-4966-B5A7-C6EA160EF073}.Debug|Any CPU.Build.0 = Debug|Any CPU
		{7703F6CB-4802-4966-B5A7-C6EA160EF073}.Debug|Any CPU.Deploy.0 = Debug|Any CPU
		{7703F6CB-4802-4966-B5A7-C6EA160EF073}.Debug|ARM.ActiveCfg = Debug|ARM
		{7703F6CB-4802-4966-B5A7-C6EA160EF073}.Debug|ARM.Build.0 = Debug|ARM
		{7703F6CB-4802-4966-B5A7-C6EA160EF073}.Debug|ARM.Deploy.0 = Debug|ARM
		{7703F6CB-4802-4966-B5A7-C6EA160EF073}.Debug|iPhone.ActiveCfg = Debug|Any CPU
		{7703F6CB-4802-4966-B5A7-C6EA160EF073}.Debug|iPhone.Build.0 = Debug|Any CPU
		{7703F6CB-4802-4966-B5A7-C6EA160EF073}.Debug|iPhone.Deploy.0 = Debug|Any CPU
		{7703F6CB-4802-4966-B5A7-C6EA160EF073}.Debug|iPhoneSimulator.ActiveCfg = Debug|Any CPU
		{7703F6CB-4802-4966-B5A7-C6EA160EF073}.Debug|iPhoneSimulator.Build.0 = Debug|Any CPU
		{7703F6CB-4802-4966-B5A7-C6EA160EF073}.Debug|iPhoneSimulator.Deploy.0 = Debug|Any CPU
		{7703F6CB-4802-4966-B5A7-C6EA160EF073}.Debug|x64.ActiveCfg = Debug|Any CPU
		{7703F6CB-4802-4966-B5A7-C6EA160EF073}.Debug|x64.Build.0 = Debug|Any CPU
		{7703F6CB-4802-4966-B5A7-C6EA160EF073}.Debug|x64.Deploy.0 = Debug|Any CPU
		{7703F6CB-4802-4966-B5A7-C6EA160EF073}.Debug|x86.ActiveCfg = Debug|x86
		{7703F6CB-4802-4966-B5A7-C6EA160EF073}.Debug|x86.Build.0 = Debug|x86
		{7703F6CB-4802-4966-B5A7-C6EA160EF073}.Debug|x86.Deploy.0 = Debug|x86
		{7703F6CB-4802-4966-B5A7-C6EA160EF073}.Release|Any CPU.ActiveCfg = Release|Any CPU
		{7703F6CB-4802-4966-B5A7-C6EA160EF073}.Release|Any CPU.Build.0 = Release|Any CPU
		{7703F6CB-4802-4966-B5A7-C6EA160EF073}.Release|Any CPU.Deploy.0 = Release|Any CPU
		{7703F6CB-4802-4966-B5A7-C6EA160EF073}.Release|ARM.ActiveCfg = Release|ARM
		{7703F6CB-4802-4966-B5A7-C6EA160EF073}.Release|ARM.Build.0 = Release|ARM
		{7703F6CB-4802-4966-B5A7-C6EA160EF073}.Release|ARM.Deploy.0 = Release|ARM
		{7703F6CB-4802-4966-B5A7-C6EA160EF073}.Release|iPhone.ActiveCfg = Release|Any CPU
		{7703F6CB-4802-4966-B5A7-C6EA160EF073}.Release|iPhone.Build.0 = Release|Any CPU
		{7703F6CB-4802-4966-B5A7-C6EA160EF073}.Release|iPhone.Deploy.0 = Release|Any CPU
		{7703F6CB-4802-4966-B5A7-C6EA160EF073}.Release|iPhoneSimulator.ActiveCfg = Release|Any CPU
		{7703F6CB-4802-4966-B5A7-C6EA160EF073}.Release|iPhoneSimulator.Build.0 = Release|Any CPU
		{7703F6CB-4802-4966-B5A7-C6EA160EF073}.Release|iPhoneSimulator.Deploy.0 = Release|Any CPU
		{7703F6CB-4802-4966-B5A7-C6EA160EF073}.Release|x64.ActiveCfg = Release|Any CPU
		{7703F6CB-4802-4966-B5A7-C6EA160EF073}.Release|x64.Build.0 = Release|Any CPU
		{7703F6CB-4802-4966-B5A7-C6EA160EF073}.Release|x64.Deploy.0 = Release|Any CPU
		{7703F6CB-4802-4966-B5A7-C6EA160EF073}.Release|x86.ActiveCfg = Release|x86
		{7703F6CB-4802-4966-B5A7-C6EA160EF073}.Release|x86.Build.0 = Release|x86
		{7703F6CB-4802-4966-B5A7-C6EA160EF073}.Release|x86.Deploy.0 = Release|x86
		{4C7B2161-97D4-4B17-891E-5FE5E93FFABA}.Ad-Hoc|Any CPU.ActiveCfg = Release|x86
		{4C7B2161-97D4-4B17-891E-5FE5E93FFABA}.Ad-Hoc|Any CPU.Build.0 = Release|x86
		{4C7B2161-97D4-4B17-891E-5FE5E93FFABA}.Ad-Hoc|Any CPU.Deploy.0 = Release|x86
		{4C7B2161-97D4-4B17-891E-5FE5E93FFABA}.Ad-Hoc|ARM.ActiveCfg = Release|ARM
		{4C7B2161-97D4-4B17-891E-5FE5E93FFABA}.Ad-Hoc|ARM.Build.0 = Release|ARM
		{4C7B2161-97D4-4B17-891E-5FE5E93FFABA}.Ad-Hoc|ARM.Deploy.0 = Release|ARM
		{4C7B2161-97D4-4B17-891E-5FE5E93FFABA}.Ad-Hoc|iPhone.ActiveCfg = Release|x86
		{4C7B2161-97D4-4B17-891E-5FE5E93FFABA}.Ad-Hoc|iPhone.Build.0 = Release|x86
		{4C7B2161-97D4-4B17-891E-5FE5E93FFABA}.Ad-Hoc|iPhone.Deploy.0 = Release|x86
		{4C7B2161-97D4-4B17-891E-5FE5E93FFABA}.Ad-Hoc|iPhoneSimulator.ActiveCfg = Release|x86
		{4C7B2161-97D4-4B17-891E-5FE5E93FFABA}.Ad-Hoc|iPhoneSimulator.Build.0 = Release|x86
		{4C7B2161-97D4-4B17-891E-5FE5E93FFABA}.Ad-Hoc|iPhoneSimulator.Deploy.0 = Release|x86
		{4C7B2161-97D4-4B17-891E-5FE5E93FFABA}.Ad-Hoc|x64.ActiveCfg = Release|x64
		{4C7B2161-97D4-4B17-891E-5FE5E93FFABA}.Ad-Hoc|x64.Build.0 = Release|x64
		{4C7B2161-97D4-4B17-891E-5FE5E93FFABA}.Ad-Hoc|x64.Deploy.0 = Release|x64
		{4C7B2161-97D4-4B17-891E-5FE5E93FFABA}.Ad-Hoc|x86.ActiveCfg = Release|x86
		{4C7B2161-97D4-4B17-891E-5FE5E93FFABA}.Ad-Hoc|x86.Build.0 = Release|x86
		{4C7B2161-97D4-4B17-891E-5FE5E93FFABA}.Ad-Hoc|x86.Deploy.0 = Release|x86
		{4C7B2161-97D4-4B17-891E-5FE5E93FFABA}.AppStore|Any CPU.ActiveCfg = Release|x86
		{4C7B2161-97D4-4B17-891E-5FE5E93FFABA}.AppStore|Any CPU.Build.0 = Release|x86
		{4C7B2161-97D4-4B17-891E-5FE5E93FFABA}.AppStore|Any CPU.Deploy.0 = Release|x86
		{4C7B2161-97D4-4B17-891E-5FE5E93FFABA}.AppStore|ARM.ActiveCfg = Release|ARM
		{4C7B2161-97D4-4B17-891E-5FE5E93FFABA}.AppStore|ARM.Build.0 = Release|ARM
		{4C7B2161-97D4-4B17-891E-5FE5E93FFABA}.AppStore|ARM.Deploy.0 = Release|ARM
		{4C7B2161-97D4-4B17-891E-5FE5E93FFABA}.AppStore|iPhone.ActiveCfg = Release|x86
		{4C7B2161-97D4-4B17-891E-5FE5E93FFABA}.AppStore|iPhone.Build.0 = Release|x86
		{4C7B2161-97D4-4B17-891E-5FE5E93FFABA}.AppStore|iPhone.Deploy.0 = Release|x86
		{4C7B2161-97D4-4B17-891E-5FE5E93FFABA}.AppStore|iPhoneSimulator.ActiveCfg = Release|x86
		{4C7B2161-97D4-4B17-891E-5FE5E93FFABA}.AppStore|iPhoneSimulator.Build.0 = Release|x86
		{4C7B2161-97D4-4B17-891E-5FE5E93FFABA}.AppStore|iPhoneSimulator.Deploy.0 = Release|x86
		{4C7B2161-97D4-4B17-891E-5FE5E93FFABA}.AppStore|x64.ActiveCfg = Release|x64
		{4C7B2161-97D4-4B17-891E-5FE5E93FFABA}.AppStore|x64.Build.0 = Release|x64
		{4C7B2161-97D4-4B17-891E-5FE5E93FFABA}.AppStore|x64.Deploy.0 = Release|x64
		{4C7B2161-97D4-4B17-891E-5FE5E93FFABA}.AppStore|x86.ActiveCfg = Release|x86
		{4C7B2161-97D4-4B17-891E-5FE5E93FFABA}.AppStore|x86.Build.0 = Release|x86
		{4C7B2161-97D4-4B17-891E-5FE5E93FFABA}.AppStore|x86.Deploy.0 = Release|x86
		{4C7B2161-97D4-4B17-891E-5FE5E93FFABA}.Debug|Any CPU.ActiveCfg = Debug|x86
		{4C7B2161-97D4-4B17-891E-5FE5E93FFABA}.Debug|ARM.ActiveCfg = Debug|ARM
		{4C7B2161-97D4-4B17-891E-5FE5E93FFABA}.Debug|ARM.Build.0 = Debug|ARM
		{4C7B2161-97D4-4B17-891E-5FE5E93FFABA}.Debug|ARM.Deploy.0 = Debug|ARM
		{4C7B2161-97D4-4B17-891E-5FE5E93FFABA}.Debug|iPhone.ActiveCfg = Debug|x86
		{4C7B2161-97D4-4B17-891E-5FE5E93FFABA}.Debug|iPhoneSimulator.ActiveCfg = Debug|x86
		{4C7B2161-97D4-4B17-891E-5FE5E93FFABA}.Debug|x64.ActiveCfg = Debug|x64
		{4C7B2161-97D4-4B17-891E-5FE5E93FFABA}.Debug|x64.Build.0 = Debug|x64
		{4C7B2161-97D4-4B17-891E-5FE5E93FFABA}.Debug|x64.Deploy.0 = Debug|x64
		{4C7B2161-97D4-4B17-891E-5FE5E93FFABA}.Debug|x86.ActiveCfg = Debug|x86
		{4C7B2161-97D4-4B17-891E-5FE5E93FFABA}.Debug|x86.Build.0 = Debug|x86
		{4C7B2161-97D4-4B17-891E-5FE5E93FFABA}.Debug|x86.Deploy.0 = Debug|x86
		{4C7B2161-97D4-4B17-891E-5FE5E93FFABA}.Release|Any CPU.ActiveCfg = Release|x86
		{4C7B2161-97D4-4B17-891E-5FE5E93FFABA}.Release|ARM.ActiveCfg = Release|ARM
		{4C7B2161-97D4-4B17-891E-5FE5E93FFABA}.Release|ARM.Build.0 = Release|ARM
		{4C7B2161-97D4-4B17-891E-5FE5E93FFABA}.Release|ARM.Deploy.0 = Release|ARM
		{4C7B2161-97D4-4B17-891E-5FE5E93FFABA}.Release|iPhone.ActiveCfg = Release|x86
		{4C7B2161-97D4-4B17-891E-5FE5E93FFABA}.Release|iPhoneSimulator.ActiveCfg = Release|x86
		{4C7B2161-97D4-4B17-891E-5FE5E93FFABA}.Release|x64.ActiveCfg = Release|x64
		{4C7B2161-97D4-4B17-891E-5FE5E93FFABA}.Release|x64.Build.0 = Release|x64
		{4C7B2161-97D4-4B17-891E-5FE5E93FFABA}.Release|x64.Deploy.0 = Release|x64
		{4C7B2161-97D4-4B17-891E-5FE5E93FFABA}.Release|x86.ActiveCfg = Release|x86
		{4C7B2161-97D4-4B17-891E-5FE5E93FFABA}.Release|x86.Build.0 = Release|x86
		{4C7B2161-97D4-4B17-891E-5FE5E93FFABA}.Release|x86.Deploy.0 = Release|x86
		{C793F934-BF4F-4722-A6DC-66DC090F12D2}.Ad-Hoc|Any CPU.ActiveCfg = Release|Any CPU
		{C793F934-BF4F-4722-A6DC-66DC090F12D2}.Ad-Hoc|Any CPU.Build.0 = Release|Any CPU
		{C793F934-BF4F-4722-A6DC-66DC090F12D2}.Ad-Hoc|Any CPU.Deploy.0 = Release|Any CPU
		{C793F934-BF4F-4722-A6DC-66DC090F12D2}.Ad-Hoc|ARM.ActiveCfg = Release|ARM
		{C793F934-BF4F-4722-A6DC-66DC090F12D2}.Ad-Hoc|ARM.Build.0 = Release|ARM
		{C793F934-BF4F-4722-A6DC-66DC090F12D2}.Ad-Hoc|ARM.Deploy.0 = Release|ARM
		{C793F934-BF4F-4722-A6DC-66DC090F12D2}.Ad-Hoc|iPhone.ActiveCfg = Release|Any CPU
		{C793F934-BF4F-4722-A6DC-66DC090F12D2}.Ad-Hoc|iPhone.Build.0 = Release|Any CPU
		{C793F934-BF4F-4722-A6DC-66DC090F12D2}.Ad-Hoc|iPhone.Deploy.0 = Release|Any CPU
		{C793F934-BF4F-4722-A6DC-66DC090F12D2}.Ad-Hoc|iPhoneSimulator.ActiveCfg = Release|Any CPU
		{C793F934-BF4F-4722-A6DC-66DC090F12D2}.Ad-Hoc|iPhoneSimulator.Build.0 = Release|Any CPU
		{C793F934-BF4F-4722-A6DC-66DC090F12D2}.Ad-Hoc|iPhoneSimulator.Deploy.0 = Release|Any CPU
		{C793F934-BF4F-4722-A6DC-66DC090F12D2}.Ad-Hoc|x64.ActiveCfg = Release|x64
		{C793F934-BF4F-4722-A6DC-66DC090F12D2}.Ad-Hoc|x64.Build.0 = Release|x64
		{C793F934-BF4F-4722-A6DC-66DC090F12D2}.Ad-Hoc|x64.Deploy.0 = Release|x64
		{C793F934-BF4F-4722-A6DC-66DC090F12D2}.Ad-Hoc|x86.ActiveCfg = Release|x86
		{C793F934-BF4F-4722-A6DC-66DC090F12D2}.Ad-Hoc|x86.Build.0 = Release|x86
		{C793F934-BF4F-4722-A6DC-66DC090F12D2}.Ad-Hoc|x86.Deploy.0 = Release|x86
		{C793F934-BF4F-4722-A6DC-66DC090F12D2}.AppStore|Any CPU.ActiveCfg = Release|Any CPU
		{C793F934-BF4F-4722-A6DC-66DC090F12D2}.AppStore|Any CPU.Build.0 = Release|Any CPU
		{C793F934-BF4F-4722-A6DC-66DC090F12D2}.AppStore|Any CPU.Deploy.0 = Release|Any CPU
		{C793F934-BF4F-4722-A6DC-66DC090F12D2}.AppStore|ARM.ActiveCfg = Release|ARM
		{C793F934-BF4F-4722-A6DC-66DC090F12D2}.AppStore|ARM.Build.0 = Release|ARM
		{C793F934-BF4F-4722-A6DC-66DC090F12D2}.AppStore|ARM.Deploy.0 = Release|ARM
		{C793F934-BF4F-4722-A6DC-66DC090F12D2}.AppStore|iPhone.ActiveCfg = Release|Any CPU
		{C793F934-BF4F-4722-A6DC-66DC090F12D2}.AppStore|iPhone.Build.0 = Release|Any CPU
		{C793F934-BF4F-4722-A6DC-66DC090F12D2}.AppStore|iPhone.Deploy.0 = Release|Any CPU
		{C793F934-BF4F-4722-A6DC-66DC090F12D2}.AppStore|iPhoneSimulator.ActiveCfg = Release|Any CPU
		{C793F934-BF4F-4722-A6DC-66DC090F12D2}.AppStore|iPhoneSimulator.Build.0 = Release|Any CPU
		{C793F934-BF4F-4722-A6DC-66DC090F12D2}.AppStore|iPhoneSimulator.Deploy.0 = Release|Any CPU
		{C793F934-BF4F-4722-A6DC-66DC090F12D2}.AppStore|x64.ActiveCfg = Release|x64
		{C793F934-BF4F-4722-A6DC-66DC090F12D2}.AppStore|x64.Build.0 = Release|x64
		{C793F934-BF4F-4722-A6DC-66DC090F12D2}.AppStore|x64.Deploy.0 = Release|x64
		{C793F934-BF4F-4722-A6DC-66DC090F12D2}.AppStore|x86.ActiveCfg = Release|x86
		{C793F934-BF4F-4722-A6DC-66DC090F12D2}.AppStore|x86.Build.0 = Release|x86
		{C793F934-BF4F-4722-A6DC-66DC090F12D2}.AppStore|x86.Deploy.0 = Release|x86
		{C793F934-BF4F-4722-A6DC-66DC090F12D2}.Debug|Any CPU.ActiveCfg = Debug|Any CPU
		{C793F934-BF4F-4722-A6DC-66DC090F12D2}.Debug|Any CPU.Build.0 = Debug|Any CPU
		{C793F934-BF4F-4722-A6DC-66DC090F12D2}.Debug|Any CPU.Deploy.0 = Debug|Any CPU
		{C793F934-BF4F-4722-A6DC-66DC090F12D2}.Debug|ARM.ActiveCfg = Debug|ARM
		{C793F934-BF4F-4722-A6DC-66DC090F12D2}.Debug|ARM.Build.0 = Debug|ARM
		{C793F934-BF4F-4722-A6DC-66DC090F12D2}.Debug|ARM.Deploy.0 = Debug|ARM
		{C793F934-BF4F-4722-A6DC-66DC090F12D2}.Debug|iPhone.ActiveCfg = Debug|Any CPU
		{C793F934-BF4F-4722-A6DC-66DC090F12D2}.Debug|iPhone.Build.0 = Debug|Any CPU
		{C793F934-BF4F-4722-A6DC-66DC090F12D2}.Debug|iPhone.Deploy.0 = Debug|Any CPU
		{C793F934-BF4F-4722-A6DC-66DC090F12D2}.Debug|iPhoneSimulator.ActiveCfg = Debug|Any CPU
		{C793F934-BF4F-4722-A6DC-66DC090F12D2}.Debug|iPhoneSimulator.Build.0 = Debug|Any CPU
		{C793F934-BF4F-4722-A6DC-66DC090F12D2}.Debug|iPhoneSimulator.Deploy.0 = Debug|Any CPU
		{C793F934-BF4F-4722-A6DC-66DC090F12D2}.Debug|x64.ActiveCfg = Debug|x64
		{C793F934-BF4F-4722-A6DC-66DC090F12D2}.Debug|x64.Build.0 = Debug|x64
		{C793F934-BF4F-4722-A6DC-66DC090F12D2}.Debug|x64.Deploy.0 = Debug|x64
		{C793F934-BF4F-4722-A6DC-66DC090F12D2}.Debug|x86.ActiveCfg = Debug|x86
		{C793F934-BF4F-4722-A6DC-66DC090F12D2}.Debug|x86.Build.0 = Debug|x86
		{C793F934-BF4F-4722-A6DC-66DC090F12D2}.Debug|x86.Deploy.0 = Debug|x86
		{C793F934-BF4F-4722-A6DC-66DC090F12D2}.Release|Any CPU.ActiveCfg = Release|Any CPU
		{C793F934-BF4F-4722-A6DC-66DC090F12D2}.Release|Any CPU.Build.0 = Release|Any CPU
		{C793F934-BF4F-4722-A6DC-66DC090F12D2}.Release|Any CPU.Deploy.0 = Release|Any CPU
		{C793F934-BF4F-4722-A6DC-66DC090F12D2}.Release|ARM.ActiveCfg = Release|ARM
		{C793F934-BF4F-4722-A6DC-66DC090F12D2}.Release|ARM.Build.0 = Release|ARM
		{C793F934-BF4F-4722-A6DC-66DC090F12D2}.Release|ARM.Deploy.0 = Release|ARM
		{C793F934-BF4F-4722-A6DC-66DC090F12D2}.Release|iPhone.ActiveCfg = Release|Any CPU
		{C793F934-BF4F-4722-A6DC-66DC090F12D2}.Release|iPhone.Build.0 = Release|Any CPU
		{C793F934-BF4F-4722-A6DC-66DC090F12D2}.Release|iPhone.Deploy.0 = Release|Any CPU
		{C793F934-BF4F-4722-A6DC-66DC090F12D2}.Release|iPhoneSimulator.ActiveCfg = Release|Any CPU
		{C793F934-BF4F-4722-A6DC-66DC090F12D2}.Release|iPhoneSimulator.Build.0 = Release|Any CPU
		{C793F934-BF4F-4722-A6DC-66DC090F12D2}.Release|iPhoneSimulator.Deploy.0 = Release|Any CPU
		{C793F934-BF4F-4722-A6DC-66DC090F12D2}.Release|x64.ActiveCfg = Release|x64
		{C793F934-BF4F-4722-A6DC-66DC090F12D2}.Release|x64.Build.0 = Release|x64
		{C793F934-BF4F-4722-A6DC-66DC090F12D2}.Release|x64.Deploy.0 = Release|x64
		{C793F934-BF4F-4722-A6DC-66DC090F12D2}.Release|x86.ActiveCfg = Release|x86
		{C793F934-BF4F-4722-A6DC-66DC090F12D2}.Release|x86.Build.0 = Release|x86
		{C793F934-BF4F-4722-A6DC-66DC090F12D2}.Release|x86.Deploy.0 = Release|x86
		{BF40210A-A186-4320-84C1-FA3243835042}.Ad-Hoc|Any CPU.ActiveCfg = Release|Any CPU
		{BF40210A-A186-4320-84C1-FA3243835042}.Ad-Hoc|Any CPU.Build.0 = Release|Any CPU
		{BF40210A-A186-4320-84C1-FA3243835042}.Ad-Hoc|ARM.ActiveCfg = Release|Any CPU
		{BF40210A-A186-4320-84C1-FA3243835042}.Ad-Hoc|ARM.Build.0 = Release|Any CPU
		{BF40210A-A186-4320-84C1-FA3243835042}.Ad-Hoc|iPhone.ActiveCfg = Release|Any CPU
		{BF40210A-A186-4320-84C1-FA3243835042}.Ad-Hoc|iPhone.Build.0 = Release|Any CPU
		{BF40210A-A186-4320-84C1-FA3243835042}.Ad-Hoc|iPhoneSimulator.ActiveCfg = Release|Any CPU
		{BF40210A-A186-4320-84C1-FA3243835042}.Ad-Hoc|iPhoneSimulator.Build.0 = Release|Any CPU
		{BF40210A-A186-4320-84C1-FA3243835042}.Ad-Hoc|x64.ActiveCfg = Release|Any CPU
		{BF40210A-A186-4320-84C1-FA3243835042}.Ad-Hoc|x64.Build.0 = Release|Any CPU
		{BF40210A-A186-4320-84C1-FA3243835042}.Ad-Hoc|x86.ActiveCfg = Release|Any CPU
		{BF40210A-A186-4320-84C1-FA3243835042}.Ad-Hoc|x86.Build.0 = Release|Any CPU
		{BF40210A-A186-4320-84C1-FA3243835042}.AppStore|Any CPU.ActiveCfg = Release|Any CPU
		{BF40210A-A186-4320-84C1-FA3243835042}.AppStore|Any CPU.Build.0 = Release|Any CPU
		{BF40210A-A186-4320-84C1-FA3243835042}.AppStore|ARM.ActiveCfg = Release|Any CPU
		{BF40210A-A186-4320-84C1-FA3243835042}.AppStore|ARM.Build.0 = Release|Any CPU
		{BF40210A-A186-4320-84C1-FA3243835042}.AppStore|iPhone.ActiveCfg = Release|Any CPU
		{BF40210A-A186-4320-84C1-FA3243835042}.AppStore|iPhone.Build.0 = Release|Any CPU
		{BF40210A-A186-4320-84C1-FA3243835042}.AppStore|iPhoneSimulator.ActiveCfg = Release|Any CPU
		{BF40210A-A186-4320-84C1-FA3243835042}.AppStore|iPhoneSimulator.Build.0 = Release|Any CPU
		{BF40210A-A186-4320-84C1-FA3243835042}.AppStore|x64.ActiveCfg = Release|Any CPU
		{BF40210A-A186-4320-84C1-FA3243835042}.AppStore|x64.Build.0 = Release|Any CPU
		{BF40210A-A186-4320-84C1-FA3243835042}.AppStore|x86.ActiveCfg = Release|Any CPU
		{BF40210A-A186-4320-84C1-FA3243835042}.AppStore|x86.Build.0 = Release|Any CPU
		{BF40210A-A186-4320-84C1-FA3243835042}.Debug|Any CPU.ActiveCfg = Debug|Any CPU
		{BF40210A-A186-4320-84C1-FA3243835042}.Debug|Any CPU.Build.0 = Debug|Any CPU
		{BF40210A-A186-4320-84C1-FA3243835042}.Debug|ARM.ActiveCfg = Debug|Any CPU
		{BF40210A-A186-4320-84C1-FA3243835042}.Debug|ARM.Build.0 = Debug|Any CPU
		{BF40210A-A186-4320-84C1-FA3243835042}.Debug|iPhone.ActiveCfg = Debug|Any CPU
		{BF40210A-A186-4320-84C1-FA3243835042}.Debug|iPhone.Build.0 = Debug|Any CPU
		{BF40210A-A186-4320-84C1-FA3243835042}.Debug|iPhoneSimulator.ActiveCfg = Debug|Any CPU
		{BF40210A-A186-4320-84C1-FA3243835042}.Debug|iPhoneSimulator.Build.0 = Debug|Any CPU
		{BF40210A-A186-4320-84C1-FA3243835042}.Debug|x64.ActiveCfg = Debug|Any CPU
		{BF40210A-A186-4320-84C1-FA3243835042}.Debug|x64.Build.0 = Debug|Any CPU
		{BF40210A-A186-4320-84C1-FA3243835042}.Debug|x86.ActiveCfg = Debug|Any CPU
		{BF40210A-A186-4320-84C1-FA3243835042}.Debug|x86.Build.0 = Debug|Any CPU
		{BF40210A-A186-4320-84C1-FA3243835042}.Release|Any CPU.ActiveCfg = Release|Any CPU
		{BF40210A-A186-4320-84C1-FA3243835042}.Release|Any CPU.Build.0 = Release|Any CPU
		{BF40210A-A186-4320-84C1-FA3243835042}.Release|ARM.ActiveCfg = Release|Any CPU
		{BF40210A-A186-4320-84C1-FA3243835042}.Release|ARM.Build.0 = Release|Any CPU
		{BF40210A-A186-4320-84C1-FA3243835042}.Release|iPhone.ActiveCfg = Release|Any CPU
		{BF40210A-A186-4320-84C1-FA3243835042}.Release|iPhone.Build.0 = Release|Any CPU
		{BF40210A-A186-4320-84C1-FA3243835042}.Release|iPhoneSimulator.ActiveCfg = Release|Any CPU
		{BF40210A-A186-4320-84C1-FA3243835042}.Release|iPhoneSimulator.Build.0 = Release|Any CPU
		{BF40210A-A186-4320-84C1-FA3243835042}.Release|x64.ActiveCfg = Release|Any CPU
		{BF40210A-A186-4320-84C1-FA3243835042}.Release|x64.Build.0 = Release|Any CPU
		{BF40210A-A186-4320-84C1-FA3243835042}.Release|x86.ActiveCfg = Release|Any CPU
		{BF40210A-A186-4320-84C1-FA3243835042}.Release|x86.Build.0 = Release|Any CPU
	EndGlobalSection
	GlobalSection(SolutionProperties) = preSolution
		HideSolutionNode = FALSE
	EndGlobalSection
EndGlobal
